
Microsoft Visual Studio Solution File, Format Version 12.00
# Visual Studio 15
VisualStudioVersion = 15.0.26730.16
MinimumVisualStudioVersion = 10.0.40219.1
Project("{FAE04EC0-301F-11D3-BF4B-00C04F79EFBC}") = "Exercicio Cadastro", "Exercicio Cadastro\Exercicio Cadastro.csproj", "{2614F6EB-5AA7-4B8A-9411-FAEE4142E6DD}"
EndProject
Project("{FAE04EC0-301F-11D3-BF4B-00C04F79EFBC}") = "GestaoPacienteService", "GestaoPacienteService\GestaoPacienteService.csproj", "{6D30A549-C107-470B-AE6A-A2634E53B1F7}"
EndProject
Project("{FAE04EC0-301F-11D3-BF4B-00C04F79EFBC}") = "PacienteExercicio", "PacienteExercicio\PacienteExercicio.csproj", "{4BAE7730-D8A8-44BB-9ACC-1014DC0CAD69}"
EndProject
Global
	GlobalSection(SolutionConfigurationPlatforms) = preSolution
		Debug|Any CPU = Debug|Any CPU
		Release|Any CPU = Release|Any CPU
	EndGlobalSection
	GlobalSection(ProjectConfigurationPlatforms) = postSolution
		{2614F6EB-5AA7-4B8A-9411-FAEE4142E6DD}.Debug|Any CPU.ActiveCfg = Debug|Any CPU
		{2614F6EB-5AA7-4B8A-9411-FAEE4142E6DD}.Debug|Any CPU.Build.0 = Debug|Any CPU
		{2614F6EB-5AA7-4B8A-9411-FAEE4142E6DD}.Release|Any CPU.ActiveCfg = Release|Any CPU
		{2614F6EB-5AA7-4B8A-9411-FAEE4142E6DD}.Release|Any CPU.Build.0 = Release|Any CPU
		{6D30A549-C107-470B-AE6A-A2634E53B1F7}.Debug|Any CPU.ActiveCfg = Debug|Any CPU
		{6D30A549-C107-470B-AE6A-A2634E53B1F7}.Debug|Any CPU.Build.0 = Debug|Any CPU
		{6D30A549-C107-470B-AE6A-A2634E53B1F7}.Release|Any CPU.ActiveCfg = Release|Any CPU
		{6D30A549-C107-470B-AE6A-A2634E53B1F7}.Release|Any CPU.Build.0 = Release|Any CPU
		{4BAE7730-D8A8-44BB-9ACC-1014DC0CAD69}.Debug|Any CPU.ActiveCfg = Debug|Any CPU
		{4BAE7730-D8A8-44BB-9ACC-1014DC0CAD69}.Debug|Any CPU.Build.0 = Debug|Any CPU
		{4BAE7730-D8A8-44BB-9ACC-1014DC0CAD69}.Release|Any CPU.ActiveCfg = Release|Any CPU
		{4BAE7730-D8A8-44BB-9ACC-1014DC0CAD69}.Release|Any CPU.Build.0 = Release|Any CPU
	EndGlobalSection
	GlobalSection(SolutionProperties) = preSolution
		HideSolutionNode = FALSE
	EndGlobalSection
	GlobalSection(ExtensibilityGlobals) = postSolution
		SolutionGuid = {C635E48A-A0C6-4569-BB3C-520FD05C0B6A}
	EndGlobalSection
EndGlobal
